
Microsoft Visual Studio Solution File, Format Version 12.00
# Visual Studio Version 17
VisualStudioVersion = 17.10.35013.160
MinimumVisualStudioVersion = 10.0.40219.1
Project("{FAE04EC0-301F-11D3-BF4B-00C04F79EFBC}") = "BookStore.API", "src\BookStore.API\BookStore.API.csproj", "{C48BD325-5407-4214-A9D6-5C4E089EF4DD}"
EndProject
Global
	GlobalSection(SolutionConfigurationPlatforms) = preSolution
		Debug|Any CPU = Debug|Any CPU
		Release|Any CPU = Release|Any CPU
	EndGlobalSection
	GlobalSection(ProjectConfigurationPlatforms) = postSolution
		{C48BD325-5407-4214-A9D6-5C4E089EF4DD}.Debug|Any CPU.ActiveCfg = Debug|Any CPU
		{C48BD325-5407-4214-A9D6-5C4E089EF4DD}.Debug|Any CPU.Build.0 = Debug|Any CPU
		{C48BD325-5407-4214-A9D6-5C4E089EF4DD}.Release|Any CPU.ActiveCfg = Release|Any CPU
		{C48BD325-5407-4214-A9D6-5C4E089EF4DD}.Release|Any CPU.Build.0 = Release|Any CPU
	EndGlobalSection
	GlobalSection(SolutionProperties) = preSolution
		HideSolutionNode = FALSE
	EndGlobalSection
	GlobalSection(ExtensibilityGlobals) = postSolution
		SolutionGuid = {8A882F09-C9C0-45C0-AB2C-413ABA31CA6C}
	EndGlobalSection
EndGlobal
